
Microsoft Visual Studio Solution File, Format Version 12.00
# Visual Studio Version 17
VisualStudioVersion = 17.5.002.0
MinimumVisualStudioVersion = 10.0.40219.1
Project("{9A19103F-16F7-4668-BE54-9A1E7A4F7556}") = "ADODotNet", "ADODotNet.csproj", "{7CFC7F2F-31CB-48ED-8BB6-AABD8582495E}"
EndProject
Global
	GlobalSection(SolutionConfigurationPlatforms) = preSolution
		Debug|Any CPU = Debug|Any CPU
		Release|Any CPU = Release|Any CPU
	EndGlobalSection
	GlobalSection(ProjectConfigurationPlatforms) = postSolution
		{7CFC7F2F-31CB-48ED-8BB6-AABD8582495E}.Debug|Any CPU.ActiveCfg = Debug|Any CPU
		{7CFC7F2F-31CB-48ED-8BB6-AABD8582495E}.Debug|Any CPU.Build.0 = Debug|Any CPU
		{7CFC7F2F-31CB-48ED-8BB6-AABD8582495E}.Release|Any CPU.ActiveCfg = Release|Any CPU
		{7CFC7F2F-31CB-48ED-8BB6-AABD8582495E}.Release|Any CPU.Build.0 = Release|Any CPU
	EndGlobalSection
	GlobalSection(SolutionProperties) = preSolution
		HideSolutionNode = FALSE
	EndGlobalSection
	GlobalSection(ExtensibilityGlobals) = postSolution
		SolutionGuid = {5B58BE38-D2A4-4219-BB53-14199C5F0A92}
	EndGlobalSection
EndGlobal
